
Microsoft Visual Studio Solution File, Format Version 12.00
# Visual Studio Version 16
VisualStudioVersion = 25.0.1706.14
MinimumVisualStudioVersion = 10.0.40219.1
Project("{FAE04EC0-301F-11D3-BF4B-00C04F79EFBC}") = "locationTracker", "locationTracker\locationTracker.csproj", "{8D9CFAAF-33CF-4C79-8D2B-5EE632322F72}"
EndProject
Global
	GlobalSection(SolutionConfigurationPlatforms) = preSolution
		Debug|Any CPU = Debug|Any CPU
		Release|Any CPU = Release|Any CPU
	EndGlobalSection
	GlobalSection(ProjectConfigurationPlatforms) = postSolution
		{8D9CFAAF-33CF-4C79-8D2B-5EE632322F72}.Debug|Any CPU.ActiveCfg = Debug|Any CPU
		{8D9CFAAF-33CF-4C79-8D2B-5EE632322F72}.Debug|Any CPU.Build.0 = Debug|Any CPU
		{8D9CFAAF-33CF-4C79-8D2B-5EE632322F72}.Release|Any CPU.ActiveCfg = Release|Any CPU
		{8D9CFAAF-33CF-4C79-8D2B-5EE632322F72}.Release|Any CPU.Build.0 = Release|Any CPU
	EndGlobalSection
	GlobalSection(SolutionProperties) = preSolution
		HideSolutionNode = FALSE
	EndGlobalSection
	GlobalSection(ExtensibilityGlobals) = postSolution
		SolutionGuid = {769DC363-C9BA-4233-B64A-D3A7B67F7244}
	EndGlobalSection
EndGlobal
